
Microsoft Visual Studio Solution File, Format Version 12.00
# Visual Studio 15
VisualStudioVersion = 15.0.27428.2015
MinimumVisualStudioVersion = 10.0.40219.1
Project("{FAE04EC0-301F-11D3-BF4B-00C04F79EFBC}") = "OutllookDataLabellingTool", "OutllookDataLabellingTool.csproj", "{AC18BF63-CD1E-47FD-8227-F42915D85D5F}"
EndProject
Global
	GlobalSection(SolutionConfigurationPlatforms) = preSolution
		Debug|Any CPU = Debug|Any CPU
		Release|Any CPU = Release|Any CPU
	EndGlobalSection
	GlobalSection(ProjectConfigurationPlatforms) = postSolution
		{AC18BF63-CD1E-47FD-8227-F42915D85D5F}.Debug|Any CPU.ActiveCfg = Debug|Any CPU
		{AC18BF63-CD1E-47FD-8227-F42915D85D5F}.Debug|Any CPU.Build.0 = Debug|Any CPU
		{AC18BF63-CD1E-47FD-8227-F42915D85D5F}.Release|Any CPU.ActiveCfg = Release|Any CPU
		{AC18BF63-CD1E-47FD-8227-F42915D85D5F}.Release|Any CPU.Build.0 = Release|Any CPU
	EndGlobalSection
	GlobalSection(SolutionProperties) = preSolution
		HideSolutionNode = FALSE
	EndGlobalSection
	GlobalSection(ExtensibilityGlobals) = postSolution
		SolutionGuid = {47EE2B07-F7AB-4DB9-8D7C-FB0436516B98}
	EndGlobalSection
EndGlobal
